
Microsoft Visual Studio Solution File, Format Version 12.00
# Visual Studio Version 16
VisualStudioVersion = 16.0.31129.286
MinimumVisualStudioVersion = 10.0.40219.1
Project("{9A19103F-16F7-4668-BE54-9A1E7A4F7556}") = "AreaCalculator", "AreaCalculator\AreaCalculator.csproj", "{EBEC801C-0C82-4F2D-84D9-066DA022BC42}"
EndProject
Project("{FAE04EC0-301F-11D3-BF4B-00C04F79EFBC}") = "AreaCalculatorTests", "AreaCalculatorTests\AreaCalculatorTests.csproj", "{6046747F-8649-479E-80DD-68CB5A64D4B9}"
EndProject
Global
	GlobalSection(SolutionConfigurationPlatforms) = preSolution
		Debug|Any CPU = Debug|Any CPU
		Release|Any CPU = Release|Any CPU
	EndGlobalSection
	GlobalSection(ProjectConfigurationPlatforms) = postSolution
		{EBEC801C-0C82-4F2D-84D9-066DA022BC42}.Debug|Any CPU.ActiveCfg = Debug|Any CPU
		{EBEC801C-0C82-4F2D-84D9-066DA022BC42}.Debug|Any CPU.Build.0 = Debug|Any CPU
		{EBEC801C-0C82-4F2D-84D9-066DA022BC42}.Release|Any CPU.ActiveCfg = Release|Any CPU
		{EBEC801C-0C82-4F2D-84D9-066DA022BC42}.Release|Any CPU.Build.0 = Release|Any CPU
		{6046747F-8649-479E-80DD-68CB5A64D4B9}.Debug|Any CPU.ActiveCfg = Debug|Any CPU
		{6046747F-8649-479E-80DD-68CB5A64D4B9}.Debug|Any CPU.Build.0 = Debug|Any CPU
		{6046747F-8649-479E-80DD-68CB5A64D4B9}.Release|Any CPU.ActiveCfg = Release|Any CPU
		{6046747F-8649-479E-80DD-68CB5A64D4B9}.Release|Any CPU.Build.0 = Release|Any CPU
	EndGlobalSection
	GlobalSection(SolutionProperties) = preSolution
		HideSolutionNode = FALSE
	EndGlobalSection
	GlobalSection(ExtensibilityGlobals) = postSolution
		SolutionGuid = {8B5476ED-5F75-4553-8740-574FA3774E05}
	EndGlobalSection
EndGlobal
